
Microsoft Visual Studio Solution File, Format Version 12.00
# Visual Studio Version 16
VisualStudioVersion = 16.0.28803.156
MinimumVisualStudioVersion = 10.0.40219.1
Project("{FAE04EC0-301F-11D3-BF4B-00C04F79EFBC}") = "CapaDatos", "..\CapaDatos\CapaDatos.csproj", "{46485AE3-BF79-4767-AAE9-675F140C5E57}"
EndProject
Project("{FAE04EC0-301F-11D3-BF4B-00C04F79EFBC}") = "CapaPresentacion", "..\CapaPresentacion\CapaPresentacion.csproj", "{A91FC52E-230A-478D-9F70-0F05A51A2214}"
EndProject
Project("{FAE04EC0-301F-11D3-BF4B-00C04F79EFBC}") = "CapaNegocio", "CapaNegocio\CapaNegocio.csproj", "{58AA862E-33FC-4940-A232-C3D1AE2E690B}"
EndProject
Global
	GlobalSection(SolutionConfigurationPlatforms) = preSolution
		Debug|Any CPU = Debug|Any CPU
		Release|Any CPU = Release|Any CPU
	EndGlobalSection
	GlobalSection(ProjectConfigurationPlatforms) = postSolution
		{46485AE3-BF79-4767-AAE9-675F140C5E57}.Debug|Any CPU.ActiveCfg = Debug|Any CPU
		{46485AE3-BF79-4767-AAE9-675F140C5E57}.Debug|Any CPU.Build.0 = Debug|Any CPU
		{46485AE3-BF79-4767-AAE9-675F140C5E57}.Release|Any CPU.ActiveCfg = Release|Any CPU
		{46485AE3-BF79-4767-AAE9-675F140C5E57}.Release|Any CPU.Build.0 = Release|Any CPU
		{A91FC52E-230A-478D-9F70-0F05A51A2214}.Debug|Any CPU.ActiveCfg = Debug|Any CPU
		{A91FC52E-230A-478D-9F70-0F05A51A2214}.Debug|Any CPU.Build.0 = Debug|Any CPU
		{A91FC52E-230A-478D-9F70-0F05A51A2214}.Release|Any CPU.ActiveCfg = Release|Any CPU
		{A91FC52E-230A-478D-9F70-0F05A51A2214}.Release|Any CPU.Build.0 = Release|Any CPU
		{58AA862E-33FC-4940-A232-C3D1AE2E690B}.Debug|Any CPU.ActiveCfg = Debug|Any CPU
		{58AA862E-33FC-4940-A232-C3D1AE2E690B}.Debug|Any CPU.Build.0 = Debug|Any CPU
		{58AA862E-33FC-4940-A232-C3D1AE2E690B}.Release|Any CPU.ActiveCfg = Release|Any CPU
		{58AA862E-33FC-4940-A232-C3D1AE2E690B}.Release|Any CPU.Build.0 = Release|Any CPU
	EndGlobalSection
	GlobalSection(SolutionProperties) = preSolution
		HideSolutionNode = FALSE
	EndGlobalSection
	GlobalSection(ExtensibilityGlobals) = postSolution
		SolutionGuid = {1218C0D7-9FAB-459E-9530-DEEECEE57AB8}
	EndGlobalSection
EndGlobal
